
Microsoft Visual Studio Solution File, Format Version 12.00
# Visual Studio Version 16
VisualStudioVersion = 16.0.30011.22
MinimumVisualStudioVersion = 10.0.40219.1
Project("{FAE04EC0-301F-11D3-BF4B-00C04F79EFBC}") = "Revolutions", "Revolutions\Revolutions.csproj", "{BD535D95-FD82-4AE2-A1A7-B669D58FCE8E}"
EndProject
Project("{FAE04EC0-301F-11D3-BF4B-00C04F79EFBC}") = "ModLibrary", "ModLibrary\ModLibrary.csproj", "{D711D674-808C-421A-BA59-9DCD8B4A51DC}"
EndProject
Project("{2150E333-8FDC-42A3-9474-1A3956D46DE8}") = "Solution Items", "Solution Items", "{EE78879B-9A68-4D89-A9C0-9EB2B693D7B5}"
	ProjectSection(SolutionItems) = preProject
		External\ModLib.dll = External\ModLib.dll
		External\ModLib.Patches.dll = External\ModLib.Patches.dll
	EndProjectSection
EndProject
Global
	GlobalSection(SolutionConfigurationPlatforms) = preSolution
		Debug|Any CPU = Debug|Any CPU
		Release|Any CPU = Release|Any CPU
	EndGlobalSection
	GlobalSection(ProjectConfigurationPlatforms) = postSolution
		{BD535D95-FD82-4AE2-A1A7-B669D58FCE8E}.Debug|Any CPU.ActiveCfg = Debug|Any CPU
		{BD535D95-FD82-4AE2-A1A7-B669D58FCE8E}.Debug|Any CPU.Build.0 = Debug|Any CPU
		{BD535D95-FD82-4AE2-A1A7-B669D58FCE8E}.Release|Any CPU.ActiveCfg = Release|Any CPU
		{BD535D95-FD82-4AE2-A1A7-B669D58FCE8E}.Release|Any CPU.Build.0 = Release|Any CPU
		{D711D674-808C-421A-BA59-9DCD8B4A51DC}.Debug|Any CPU.ActiveCfg = Debug|Any CPU
		{D711D674-808C-421A-BA59-9DCD8B4A51DC}.Debug|Any CPU.Build.0 = Debug|Any CPU
		{D711D674-808C-421A-BA59-9DCD8B4A51DC}.Release|Any CPU.ActiveCfg = Release|Any CPU
		{D711D674-808C-421A-BA59-9DCD8B4A51DC}.Release|Any CPU.Build.0 = Release|Any CPU
	EndGlobalSection
	GlobalSection(SolutionProperties) = preSolution
		HideSolutionNode = FALSE
	EndGlobalSection
	GlobalSection(ExtensibilityGlobals) = postSolution
		SolutionGuid = {8F3BA057-C57C-40C0-B2A8-6DFFB941AD81}
	EndGlobalSection
EndGlobal
